
Microsoft Visual Studio Solution File, Format Version 12.00
# Visual Studio Version 17
VisualStudioVersion = 17.7.34018.315
MinimumVisualStudioVersion = 10.0.40219.1
Project("{9A19103F-16F7-4668-BE54-9A1E7A4F7556}") = "NORTHWIND", "NORTHWIND\NORTHWIND.csproj", "{68D129B9-3292-47CA-86A2-54905F1FB266}"
EndProject
Project("{2150E333-8FDC-42A3-9474-1A3956D46DE8}") = "1 - User Interface", "1 - User Interface", "{59D22FAC-502C-4B17-8065-B79F38CC717B}"
EndProject
Project("{2150E333-8FDC-42A3-9474-1A3956D46DE8}") = "2 - Domain Logic", "2 - Domain Logic", "{293D4CFA-88ED-47B3-896E-220BB57B4E2D}"
EndProject
Project("{2150E333-8FDC-42A3-9474-1A3956D46DE8}") = "3 - Data Access", "3 - Data Access", "{12C6829B-5B43-4EA4-8F56-74646CF5A58E}"
EndProject
Project("{9A19103F-16F7-4668-BE54-9A1E7A4F7556}") = "NORTHWIND.Models", "NORTHWIND.Models\NORTHWIND.Models.csproj", "{C6D27FB2-71DC-40B2-9039-D0C5AA1943CB}"
EndProject
Project("{9A19103F-16F7-4668-BE54-9A1E7A4F7556}") = "NORTHWIND.ViewModels", "NORTHWIND.ViewModels\NORTHWIND.ViewModels.csproj", "{BEC80228-CAC6-451D-B1AD-2590EAEBA853}"
EndProject
Project("{9A19103F-16F7-4668-BE54-9A1E7A4F7556}") = "NORTHWIND.DataAccess", "NORTHWIND.DataAccess\NORTHWIND.DataAccess.csproj", "{8A6ED017-3E69-411F-AE13-1D6FCE369F38}"
EndProject
Project("{9A19103F-16F7-4668-BE54-9A1E7A4F7556}") = "NORTHWIND.Services", "NORTHWIND.Services\NORTHWIND.Services.csproj", "{4D8A0F39-75E6-49D1-877D-B03D7E317A38}"
EndProject
Project("{FAE04EC0-301F-11D3-BF4B-00C04F79EFBC}") = "NORTHWIND.DataAccessTests1", "NORTHWIND.DataAccessTests1\NORTHWIND.DataAccessTests1.csproj", "{61020FEF-417F-4DBF-94DA-6BCF342E7350}"
EndProject
Global
	GlobalSection(SolutionConfigurationPlatforms) = preSolution
		Debug|Any CPU = Debug|Any CPU
		Release|Any CPU = Release|Any CPU
	EndGlobalSection
	GlobalSection(ProjectConfigurationPlatforms) = postSolution
		{68D129B9-3292-47CA-86A2-54905F1FB266}.Debug|Any CPU.ActiveCfg = Debug|Any CPU
		{68D129B9-3292-47CA-86A2-54905F1FB266}.Debug|Any CPU.Build.0 = Debug|Any CPU
		{68D129B9-3292-47CA-86A2-54905F1FB266}.Debug|Any CPU.Deploy.0 = Debug|Any CPU
		{68D129B9-3292-47CA-86A2-54905F1FB266}.Release|Any CPU.ActiveCfg = Release|Any CPU
		{68D129B9-3292-47CA-86A2-54905F1FB266}.Release|Any CPU.Build.0 = Release|Any CPU
		{68D129B9-3292-47CA-86A2-54905F1FB266}.Release|Any CPU.Deploy.0 = Release|Any CPU
		{C6D27FB2-71DC-40B2-9039-D0C5AA1943CB}.Debug|Any CPU.ActiveCfg = Debug|Any CPU
		{C6D27FB2-71DC-40B2-9039-D0C5AA1943CB}.Debug|Any CPU.Build.0 = Debug|Any CPU
		{C6D27FB2-71DC-40B2-9039-D0C5AA1943CB}.Release|Any CPU.ActiveCfg = Release|Any CPU
		{C6D27FB2-71DC-40B2-9039-D0C5AA1943CB}.Release|Any CPU.Build.0 = Release|Any CPU
		{BEC80228-CAC6-451D-B1AD-2590EAEBA853}.Debug|Any CPU.ActiveCfg = Debug|Any CPU
		{BEC80228-CAC6-451D-B1AD-2590EAEBA853}.Debug|Any CPU.Build.0 = Debug|Any CPU
		{BEC80228-CAC6-451D-B1AD-2590EAEBA853}.Release|Any CPU.ActiveCfg = Release|Any CPU
		{BEC80228-CAC6-451D-B1AD-2590EAEBA853}.Release|Any CPU.Build.0 = Release|Any CPU
		{8A6ED017-3E69-411F-AE13-1D6FCE369F38}.Debug|Any CPU.ActiveCfg = Debug|Any CPU
		{8A6ED017-3E69-411F-AE13-1D6FCE369F38}.Debug|Any CPU.Build.0 = Debug|Any CPU
		{8A6ED017-3E69-411F-AE13-1D6FCE369F38}.Release|Any CPU.ActiveCfg = Release|Any CPU
		{8A6ED017-3E69-411F-AE13-1D6FCE369F38}.Release|Any CPU.Build.0 = Release|Any CPU
		{4D8A0F39-75E6-49D1-877D-B03D7E317A38}.Debug|Any CPU.ActiveCfg = Debug|Any CPU
		{4D8A0F39-75E6-49D1-877D-B03D7E317A38}.Debug|Any CPU.Build.0 = Debug|Any CPU
		{4D8A0F39-75E6-49D1-877D-B03D7E317A38}.Release|Any CPU.ActiveCfg = Release|Any CPU
		{4D8A0F39-75E6-49D1-877D-B03D7E317A38}.Release|Any CPU.Build.0 = Release|Any CPU
		{61020FEF-417F-4DBF-94DA-6BCF342E7350}.Debug|Any CPU.ActiveCfg = Debug|Any CPU
		{61020FEF-417F-4DBF-94DA-6BCF342E7350}.Debug|Any CPU.Build.0 = Debug|Any CPU
		{61020FEF-417F-4DBF-94DA-6BCF342E7350}.Release|Any CPU.ActiveCfg = Release|Any CPU
		{61020FEF-417F-4DBF-94DA-6BCF342E7350}.Release|Any CPU.Build.0 = Release|Any CPU
	EndGlobalSection
	GlobalSection(SolutionProperties) = preSolution
		HideSolutionNode = FALSE
	EndGlobalSection
	GlobalSection(NestedProjects) = preSolution
		{68D129B9-3292-47CA-86A2-54905F1FB266} = {59D22FAC-502C-4B17-8065-B79F38CC717B}
		{C6D27FB2-71DC-40B2-9039-D0C5AA1943CB} = {293D4CFA-88ED-47B3-896E-220BB57B4E2D}
		{BEC80228-CAC6-451D-B1AD-2590EAEBA853} = {59D22FAC-502C-4B17-8065-B79F38CC717B}
		{8A6ED017-3E69-411F-AE13-1D6FCE369F38} = {12C6829B-5B43-4EA4-8F56-74646CF5A58E}
		{4D8A0F39-75E6-49D1-877D-B03D7E317A38} = {293D4CFA-88ED-47B3-896E-220BB57B4E2D}
		{61020FEF-417F-4DBF-94DA-6BCF342E7350} = {12C6829B-5B43-4EA4-8F56-74646CF5A58E}
	EndGlobalSection
	GlobalSection(ExtensibilityGlobals) = postSolution
		SolutionGuid = {50A9BB46-AE65-480F-9976-8587DED8E002}
	EndGlobalSection
EndGlobal
